
Microsoft Visual Studio Solution File, Format Version 12.00
# Visual Studio Version 16
VisualStudioVersion = 16.0.32228.343
MinimumVisualStudioVersion = 10.0.40219.1
Project("{FAE04EC0-301F-11D3-BF4B-00C04F79EFBC}") = "eTickets", "eTickets\eTickets.csproj", "{1644E65B-DA22-45D8-9304-7B3436D88C5F}"
EndProject
Global
	GlobalSection(SolutionConfigurationPlatforms) = preSolution
		Debug|Any CPU = Debug|Any CPU
		Release|Any CPU = Release|Any CPU
	EndGlobalSection
	GlobalSection(ProjectConfigurationPlatforms) = postSolution
		{1644E65B-DA22-45D8-9304-7B3436D88C5F}.Debug|Any CPU.ActiveCfg = Debug|Any CPU
		{1644E65B-DA22-45D8-9304-7B3436D88C5F}.Debug|Any CPU.Build.0 = Debug|Any CPU
		{1644E65B-DA22-45D8-9304-7B3436D88C5F}.Release|Any CPU.ActiveCfg = Release|Any CPU
		{1644E65B-DA22-45D8-9304-7B3436D88C5F}.Release|Any CPU.Build.0 = Release|Any CPU
	EndGlobalSection
	GlobalSection(SolutionProperties) = preSolution
		HideSolutionNode = FALSE
	EndGlobalSection
	GlobalSection(ExtensibilityGlobals) = postSolution
		SolutionGuid = {156DFD25-0E7F-4AE7-B540-97326F79350D}
	EndGlobalSection
EndGlobal
